
Microsoft Visual Studio Solution File, Format Version 12.00
Project("{FAE04EC0-301F-11D3-BF4B-00C04F79EFBC}") = "dotnet-jenkins-test", "dotnet-jenkins-test\dotnet-jenkins-test.csproj", "{BDC64038-8FB5-454A-B785-6E51B2F6E3D6}"
EndProject
Global
	GlobalSection(SolutionConfigurationPlatforms) = preSolution
		Debug|Any CPU = Debug|Any CPU
		Release|Any CPU = Release|Any CPU
	EndGlobalSection
	GlobalSection(ProjectConfigurationPlatforms) = postSolution
		{BDC64038-8FB5-454A-B785-6E51B2F6E3D6}.Debug|Any CPU.ActiveCfg = Debug|Any CPU
		{BDC64038-8FB5-454A-B785-6E51B2F6E3D6}.Debug|Any CPU.Build.0 = Debug|Any CPU
		{BDC64038-8FB5-454A-B785-6E51B2F6E3D6}.Release|Any CPU.ActiveCfg = Release|Any CPU
		{BDC64038-8FB5-454A-B785-6E51B2F6E3D6}.Release|Any CPU.Build.0 = Release|Any CPU
	EndGlobalSection
EndGlobal
